
Microsoft Visual Studio Solution File, Format Version 12.00
# Visual Studio Version 17
VisualStudioVersion = 17.11.35222.181
MinimumVisualStudioVersion = 10.0.40219.1
Project("{2150E333-8FDC-42A3-9474-1A3956D46DE8}") = "src", "src", "{827E0CD3-B72D-47B6-A68D-7590B98EB39B}"
EndProject
Project("{FAE04EC0-301F-11D3-BF4B-00C04F79EFBC}") = "BlackJackQueen", "src\BlackJackQueen\BlackJackQueen.csproj", "{D3E1F75F-AE91-4E78-BFAB-69673D91CD82}"
EndProject
Project("{2150E333-8FDC-42A3-9474-1A3956D46DE8}") = "Solution Items", "Solution Items", "{8EC462FD-D22E-90A8-E5CE-7E832BA40C5D}"
	ProjectSection(SolutionItems) = preProject
		.dockerignore = .dockerignore
		.gitignore = .gitignore
		Dockerfile = Dockerfile
		README.md = README.md
	EndProjectSection
EndProject
Project("{FAE04EC0-301F-11D3-BF4B-00C04F79EFBC}") = "BlackJackQueen.Tests", "tests\BlackJackQueen.Tests\BlackJackQueen.Tests.csproj", "{B2D32202-6A83-4D84-7AAF-CF2A509FC23A}"
EndProject
Project("{2150E333-8FDC-42A3-9474-1A3956D46DE8}") = "tests", "tests", "{02EA681E-C7D8-13C7-8484-4AC65E1B71E8}"
EndProject
Global
	GlobalSection(SolutionConfigurationPlatforms) = preSolution
		Debug|Any CPU = Debug|Any CPU
		Debug|x64 = Debug|x64
		Debug|x86 = Debug|x86
		Release|Any CPU = Release|Any CPU
		Release|x64 = Release|x64
		Release|x86 = Release|x86
	EndGlobalSection
	GlobalSection(ProjectConfigurationPlatforms) = postSolution
		{D3E1F75F-AE91-4E78-BFAB-69673D91CD82}.Debug|Any CPU.ActiveCfg = Debug|Any CPU
		{D3E1F75F-AE91-4E78-BFAB-69673D91CD82}.Debug|Any CPU.Build.0 = Debug|Any CPU
		{D3E1F75F-AE91-4E78-BFAB-69673D91CD82}.Debug|x64.ActiveCfg = Debug|Any CPU
		{D3E1F75F-AE91-4E78-BFAB-69673D91CD82}.Debug|x64.Build.0 = Debug|Any CPU
		{D3E1F75F-AE91-4E78-BFAB-69673D91CD82}.Debug|x86.ActiveCfg = Debug|Any CPU
		{D3E1F75F-AE91-4E78-BFAB-69673D91CD82}.Debug|x86.Build.0 = Debug|Any CPU
		{D3E1F75F-AE91-4E78-BFAB-69673D91CD82}.Release|Any CPU.ActiveCfg = Release|Any CPU
		{D3E1F75F-AE91-4E78-BFAB-69673D91CD82}.Release|Any CPU.Build.0 = Release|Any CPU
		{D3E1F75F-AE91-4E78-BFAB-69673D91CD82}.Release|x64.ActiveCfg = Release|Any CPU
		{D3E1F75F-AE91-4E78-BFAB-69673D91CD82}.Release|x64.Build.0 = Release|Any CPU
		{D3E1F75F-AE91-4E78-BFAB-69673D91CD82}.Release|x86.ActiveCfg = Release|Any CPU
		{D3E1F75F-AE91-4E78-BFAB-69673D91CD82}.Release|x86.Build.0 = Release|Any CPU
		{B2D32202-6A83-4D84-7AAF-CF2A509FC23A}.Debug|Any CPU.ActiveCfg = Debug|Any CPU
		{B2D32202-6A83-4D84-7AAF-CF2A509FC23A}.Debug|Any CPU.Build.0 = Debug|Any CPU
		{B2D32202-6A83-4D84-7AAF-CF2A509FC23A}.Debug|x64.ActiveCfg = Debug|Any CPU
		{B2D32202-6A83-4D84-7AAF-CF2A509FC23A}.Debug|x64.Build.0 = Debug|Any CPU
		{B2D32202-6A83-4D84-7AAF-CF2A509FC23A}.Debug|x86.ActiveCfg = Debug|Any CPU
		{B2D32202-6A83-4D84-7AAF-CF2A509FC23A}.Debug|x86.Build.0 = Debug|Any CPU
		{B2D32202-6A83-4D84-7AAF-CF2A509FC23A}.Release|Any CPU.ActiveCfg = Release|Any CPU
		{B2D32202-6A83-4D84-7AAF-CF2A509FC23A}.Release|Any CPU.Build.0 = Release|Any CPU
		{B2D32202-6A83-4D84-7AAF-CF2A509FC23A}.Release|x64.ActiveCfg = Release|Any CPU
		{B2D32202-6A83-4D84-7AAF-CF2A509FC23A}.Release|x64.Build.0 = Release|Any CPU
		{B2D32202-6A83-4D84-7AAF-CF2A509FC23A}.Release|x86.ActiveCfg = Release|Any CPU
		{B2D32202-6A83-4D84-7AAF-CF2A509FC23A}.Release|x86.Build.0 = Release|Any CPU
	EndGlobalSection
	GlobalSection(SolutionProperties) = preSolution
		HideSolutionNode = FALSE
	EndGlobalSection
	GlobalSection(NestedProjects) = preSolution
		{D3E1F75F-AE91-4E78-BFAB-69673D91CD82} = {827E0CD3-B72D-47B6-A68D-7590B98EB39B}
		{B2D32202-6A83-4D84-7AAF-CF2A509FC23A} = {02EA681E-C7D8-13C7-8484-4AC65E1B71E8}
	EndGlobalSection
	GlobalSection(ExtensibilityGlobals) = postSolution
		SolutionGuid = {4499CAB0-70C8-48BE-AAF5-2D24B5509F79}
	EndGlobalSection
EndGlobal
